
Microsoft Visual Studio Solution File, Format Version 12.00
# Visual Studio Version 17
VisualStudioVersion = 17.0.31903.59
MinimumVisualStudioVersion = 10.0.40219.1
Project("{FAE04EC0-301F-11D3-BF4B-00C04F79EFBC}") = "Enhancement1", "Enhancement1\Enhancement1.csproj", "{D9C83AE4-47EC-4198-82F8-4BC42147332A}"
EndProject
Project("{FAE04EC0-301F-11D3-BF4B-00C04F79EFBC}") = "MoonWorks", "MoonWorks\MoonWorks.csproj", "{390D4B0E-D9DB-44EC-9EB3-E8DF5C74081B}"
EndProject
Project("{FAE04EC0-301F-11D3-BF4B-00C04F79EFBC}") = "MoonTools.ECS", "MoonTools.ECS\MoonTools.ECS.csproj", "{E306623A-411B-4328-95A9-0EE042BDB8D1}"
EndProject
Global
	GlobalSection(SolutionConfigurationPlatforms) = preSolution
		Debug|Any CPU = Debug|Any CPU
		Release|Any CPU = Release|Any CPU
	EndGlobalSection
	GlobalSection(ProjectConfigurationPlatforms) = postSolution
		{D9C83AE4-47EC-4198-82F8-4BC42147332A}.Debug|Any CPU.ActiveCfg = Debug|Any CPU
		{D9C83AE4-47EC-4198-82F8-4BC42147332A}.Debug|Any CPU.Build.0 = Debug|Any CPU
		{D9C83AE4-47EC-4198-82F8-4BC42147332A}.Release|Any CPU.ActiveCfg = Release|Any CPU
		{D9C83AE4-47EC-4198-82F8-4BC42147332A}.Release|Any CPU.Build.0 = Release|Any CPU
		{390D4B0E-D9DB-44EC-9EB3-E8DF5C74081B}.Debug|Any CPU.ActiveCfg = Debug|Any CPU
		{390D4B0E-D9DB-44EC-9EB3-E8DF5C74081B}.Debug|Any CPU.Build.0 = Debug|Any CPU
		{390D4B0E-D9DB-44EC-9EB3-E8DF5C74081B}.Release|Any CPU.ActiveCfg = Release|Any CPU
		{390D4B0E-D9DB-44EC-9EB3-E8DF5C74081B}.Release|Any CPU.Build.0 = Release|Any CPU
		{E306623A-411B-4328-95A9-0EE042BDB8D1}.Debug|Any CPU.ActiveCfg = Debug|Any CPU
		{E306623A-411B-4328-95A9-0EE042BDB8D1}.Debug|Any CPU.Build.0 = Debug|Any CPU
		{E306623A-411B-4328-95A9-0EE042BDB8D1}.Release|Any CPU.ActiveCfg = Release|Any CPU
		{E306623A-411B-4328-95A9-0EE042BDB8D1}.Release|Any CPU.Build.0 = Release|Any CPU
	EndGlobalSection
	GlobalSection(SolutionProperties) = preSolution
		HideSolutionNode = FALSE
	EndGlobalSection
EndGlobal
